
Microsoft Visual Studio Solution File, Format Version 12.00
# Visual Studio Version 16
VisualStudioVersion = 16.0.30907.101
MinimumVisualStudioVersion = 10.0.40219.1
Project("{FAE04EC0-301F-11D3-BF4B-00C04F79EFBC}") = "fotored", "fotored.csproj", "{7191359F-749B-4463-86BC-FC5843A14144}"
EndProject
Global
	GlobalSection(SolutionConfigurationPlatforms) = preSolution
		Debug|Any CPU = Debug|Any CPU
		Release|Any CPU = Release|Any CPU
	EndGlobalSection
	GlobalSection(ProjectConfigurationPlatforms) = postSolution
		{7191359F-749B-4463-86BC-FC5843A14144}.Debug|Any CPU.ActiveCfg = Debug|Any CPU
		{7191359F-749B-4463-86BC-FC5843A14144}.Debug|Any CPU.Build.0 = Debug|Any CPU
		{7191359F-749B-4463-86BC-FC5843A14144}.Release|Any CPU.ActiveCfg = Release|Any CPU
		{7191359F-749B-4463-86BC-FC5843A14144}.Release|Any CPU.Build.0 = Release|Any CPU
	EndGlobalSection
	GlobalSection(SolutionProperties) = preSolution
		HideSolutionNode = FALSE
	EndGlobalSection
	GlobalSection(ExtensibilityGlobals) = postSolution
		SolutionGuid = {47B5C515-1E4B-46E2-951A-EB3309305B2B}
	EndGlobalSection
EndGlobal
